{
  "name": "carol-presentes-checkout",
  "version": "1.0.0",
  "lockfileVersion": 3,
  "requires": true,
  "packages": {
    "": {
      "name": "carol-presentes-checkout",
      "version": "1.0.0",
      "dependencies": {
        "dotenv": "^16.4.5",
        "mercadopago": "^3.6.1"
      }
    },
    "node_modules/dotenv": {
      "version": "16.6.1",
      "resolved": "https://registry.npmjs.org/dotenv/-/dotenv-16.6.1.tgz",
      "integrity": "sha512-uBq4egWHTcTt33a72vpSG0z3HnPuIl6NqYcTrKEg2azoEyl2hpW0zqlxysq2pK9HlDIHyHyakeYaYnSAwd8bow==",
      "license": "BSD-2-Clause",
      "engines": {
        "node": ">=12"
      },
      "funding": {
        "url": "https://dotenvx.com"
      }
    },
    "node_modules/mercadopago": {
      "version": "3.6.1",
      "resolved": "https://registry.npmjs.org/mercadopago/-/mercadopago-3.6.1.tgz",
      "integrity": "sha512-JFgKCSRHMxkS1p12VMIcpI/Zki739J+5lbpl7PB0O8WHaFl4SFKQnm9paX/gqBQeh211Ozc498D49Fbe3U1jEw==",
      "engines": {
        "node": ">=18"
      }
    }
  }
}
